
Microsoft Visual Studio Solution File, Format Version 12.00
# Visual Studio 15
VisualStudioVersion = 15.0.27130.2010
MinimumVisualStudioVersion = 10.0.40219.1
Project("{8BC9CEB8-8B4A-11D0-8D11-00A0C91BC942}") = "MathDLL", "MathDLL\MathDLL.vcxproj", "{77CADB99-5484-489C-9828-ECFE176946E3}"
EndProject
Project("{8BC9CEB8-8B4A-11D0-8D11-00A0C91BC942}") = "StaticLib1", "StaticLib1\StaticLib1.vcxproj", "{140C8988-1EDA-4833-8692-3F76161E7CA4}"
EndProject
Project("{8BC9CEB8-8B4A-11D0-8D11-00A0C91BC942}") = "TestMath", "TestMath\TestMath.vcxproj", "{82F5867E-01AD-4066-AA14-DA72F7708D90}"
EndProject
Project("{8BC9CEB8-8B4A-11D0-8D11-00A0C91BC942}") = "UnitTest1", "UnitTest1\UnitTest1.vcxproj", "{267E866C-E941-4AE3-8274-2D9470E1ED24}"
EndProject
Global
	GlobalSection(SolutionConfigurationPlatforms) = preSolution
		Debug|x64 = Debug|x64
		Debug|x86 = Debug|x86
		Release|x64 = Release|x64
		Release|x86 = Release|x86
	EndGlobalSection
	GlobalSection(ProjectConfigurationPlatforms) = postSolution
		{77CADB99-5484-489C-9828-ECFE176946E3}.Debug|x64.ActiveCfg = Debug|x64
		{77CADB99-5484-489C-9828-ECFE176946E3}.Debug|x64.Build.0 = Debug|x64
		{77CADB99-5484-489C-9828-ECFE176946E3}.Debug|x86.ActiveCfg = Debug|Win32
		{77CADB99-5484-489C-9828-ECFE176946E3}.Debug|x86.Build.0 = Debug|Win32
		{77CADB99-5484-489C-9828-ECFE176946E3}.Release|x64.ActiveCfg = Release|x64
		{77CADB99-5484-489C-9828-ECFE176946E3}.Release|x64.Build.0 = Release|x64
		{77CADB99-5484-489C-9828-ECFE176946E3}.Release|x86.ActiveCfg = Release|Win32
		{77CADB99-5484-489C-9828-ECFE176946E3}.Release|x86.Build.0 = Release|Win32
		{140C8988-1EDA-4833-8692-3F76161E7CA4}.Debug|x64.ActiveCfg = Debug|x64
		{140C8988-1EDA-4833-8692-3F76161E7CA4}.Debug|x64.Build.0 = Debug|x64
		{140C8988-1EDA-4833-8692-3F76161E7CA4}.Debug|x86.ActiveCfg = Debug|Win32
		{140C8988-1EDA-4833-8692-3F76161E7CA4}.Debug|x86.Build.0 = Debug|Win32
		{140C8988-1EDA-4833-8692-3F76161E7CA4}.Release|x64.ActiveCfg = Release|x64
		{140C8988-1EDA-4833-8692-3F76161E7CA4}.Release|x64.Build.0 = Release|x64
		{140C8988-1EDA-4833-8692-3F76161E7CA4}.Release|x86.ActiveCfg = Release|Win32
		{140C8988-1EDA-4833-8692-3F76161E7CA4}.Release|x86.Build.0 = Release|Win32
		{82F5867E-01AD-4066-AA14-DA72F7708D90}.Debug|x64.ActiveCfg = Debug|x64
		{82F5867E-01AD-4066-AA14-DA72F7708D90}.Debug|x64.Build.0 = Debug|x64
		{82F5867E-01AD-4066-AA14-DA72F7708D90}.Debug|x86.ActiveCfg = Debug|Win32
		{82F5867E-01AD-4066-AA14-DA72F7708D90}.Debug|x86.Build.0 = Debug|Win32
		{82F5867E-01AD-4066-AA14-DA72F7708D90}.Release|x64.ActiveCfg = Release|x64
		{82F5867E-01AD-4066-AA14-DA72F7708D90}.Release|x64.Build.0 = Release|x64
		{82F5867E-01AD-4066-AA14-DA72F7708D90}.Release|x86.ActiveCfg = Release|Win32
		{82F5867E-01AD-4066-AA14-DA72F7708D90}.Release|x86.Build.0 = Release|Win32
		{267E866C-E941-4AE3-8274-2D9470E1ED24}.Debug|x64.ActiveCfg = Debug|x64
		{267E866C-E941-4AE3-8274-2D9470E1ED24}.Debug|x64.Build.0 = Debug|x64
		{267E866C-E941-4AE3-8274-2D9470E1ED24}.Debug|x86.ActiveCfg = Debug|Win32
		{267E866C-E941-4AE3-8274-2D9470E1ED24}.Debug|x86.Build.0 = Debug|Win32
		{267E866C-E941-4AE3-8274-2D9470E1ED24}.Release|x64.ActiveCfg = Release|x64
		{267E866C-E941-4AE3-8274-2D9470E1ED24}.Release|x64.Build.0 = Release|x64
		{267E866C-E941-4AE3-8274-2D9470E1ED24}.Release|x86.ActiveCfg = Release|Win32
		{267E866C-E941-4AE3-8274-2D9470E1ED24}.Release|x86.Build.0 = Release|Win32
	EndGlobalSection
	GlobalSection(SolutionProperties) = preSolution
		HideSolutionNode = FALSE
	EndGlobalSection
	GlobalSection(ExtensibilityGlobals) = postSolution
		SolutionGuid = {4F905481-AC5B-416F-98CE-F80C00528BD2}
	EndGlobalSection
EndGlobal
